
Microsoft Visual Studio Solution File, Format Version 12.00
# Visual Studio Version 16
VisualStudioVersion = 16.0.30717.126
MinimumVisualStudioVersion = 10.0.40219.1
Project("{FAE04EC0-301F-11D3-BF4B-00C04F79EFBC}") = "Lab1.1", "Lab1.1.csproj", "{B7DCCD78-FA14-43BF-A3FB-85C8988D7ABF}"
EndProject
Global
	GlobalSection(SolutionConfigurationPlatforms) = preSolution
		Debug|Any CPU = Debug|Any CPU
		Release|Any CPU = Release|Any CPU
	EndGlobalSection
	GlobalSection(ProjectConfigurationPlatforms) = postSolution
		{B7DCCD78-FA14-43BF-A3FB-85C8988D7ABF}.Debug|Any CPU.ActiveCfg = Debug|Any CPU
		{B7DCCD78-FA14-43BF-A3FB-85C8988D7ABF}.Debug|Any CPU.Build.0 = Debug|Any CPU
		{B7DCCD78-FA14-43BF-A3FB-85C8988D7ABF}.Release|Any CPU.ActiveCfg = Release|Any CPU
		{B7DCCD78-FA14-43BF-A3FB-85C8988D7ABF}.Release|Any CPU.Build.0 = Release|Any CPU
	EndGlobalSection
	GlobalSection(SolutionProperties) = preSolution
		HideSolutionNode = FALSE
	EndGlobalSection
	GlobalSection(ExtensibilityGlobals) = postSolution
		SolutionGuid = {B89CAD3F-E48A-4C22-92F6-6965B53AA6B1}
	EndGlobalSection
EndGlobal
